
Microsoft Visual Studio Solution File, Format Version 12.00
# Visual Studio 15
VisualStudioVersion = 15.0.28307.271
MinimumVisualStudioVersion = 10.0.40219.1
Project("{FAE04EC0-301F-11D3-BF4B-00C04F79EFBC}") = "WebApplication3", "WebApplication3\WebApplication3.csproj", "{5DC419C0-12FF-4EC0-92BD-E7A34D875194}"
EndProject
Global
	GlobalSection(SolutionConfigurationPlatforms) = preSolution
		Debug|Any CPU = Debug|Any CPU
		Release|Any CPU = Release|Any CPU
	EndGlobalSection
	GlobalSection(ProjectConfigurationPlatforms) = postSolution
		{5DC419C0-12FF-4EC0-92BD-E7A34D875194}.Debug|Any CPU.ActiveCfg = Debug|Any CPU
		{5DC419C0-12FF-4EC0-92BD-E7A34D875194}.Debug|Any CPU.Build.0 = Debug|Any CPU
		{5DC419C0-12FF-4EC0-92BD-E7A34D875194}.Release|Any CPU.ActiveCfg = Release|Any CPU
		{5DC419C0-12FF-4EC0-92BD-E7A34D875194}.Release|Any CPU.Build.0 = Release|Any CPU
	EndGlobalSection
	GlobalSection(SolutionProperties) = preSolution
		HideSolutionNode = FALSE
	EndGlobalSection
	GlobalSection(ExtensibilityGlobals) = postSolution
		SolutionGuid = {2A35A819-1A04-475C-BD27-1B9628015778}
	EndGlobalSection
EndGlobal
