
Microsoft Visual Studio Solution File, Format Version 12.00
# Visual Studio 15
VisualStudioVersion = 15.0.28307.271
MinimumVisualStudioVersion = 10.0.40219.1
Project("{FAE04EC0-301F-11D3-BF4B-00C04F79EFBC}") = "stringoperation", "stringoperation\stringoperation.csproj", "{DB6D47E6-5402-405E-A613-B8E656BC681F}"
EndProject
Global
	GlobalSection(SolutionConfigurationPlatforms) = preSolution
		Debug|Any CPU = Debug|Any CPU
		Release|Any CPU = Release|Any CPU
	EndGlobalSection
	GlobalSection(ProjectConfigurationPlatforms) = postSolution
		{DB6D47E6-5402-405E-A613-B8E656BC681F}.Debug|Any CPU.ActiveCfg = Debug|Any CPU
		{DB6D47E6-5402-405E-A613-B8E656BC681F}.Debug|Any CPU.Build.0 = Debug|Any CPU
		{DB6D47E6-5402-405E-A613-B8E656BC681F}.Release|Any CPU.ActiveCfg = Release|Any CPU
		{DB6D47E6-5402-405E-A613-B8E656BC681F}.Release|Any CPU.Build.0 = Release|Any CPU
	EndGlobalSection
	GlobalSection(SolutionProperties) = preSolution
		HideSolutionNode = FALSE
	EndGlobalSection
	GlobalSection(ExtensibilityGlobals) = postSolution
		SolutionGuid = {67CB8931-93FA-4073-B8F9-586027B36BEE}
	EndGlobalSection
EndGlobal
