
Microsoft Visual Studio Solution File, Format Version 12.00
# Visual Studio 15
VisualStudioVersion = 15.0.28307.271
MinimumVisualStudioVersion = 10.0.40219.1
Project("{FAE04EC0-301F-11D3-BF4B-00C04F79EFBC}") = "fileioperform2", "fileioperform2\fileioperform2.csproj", "{1CAAC30F-5E3E-4BAE-8FA3-0AFAFBB7F67B}"
EndProject
Global
	GlobalSection(SolutionConfigurationPlatforms) = preSolution
		Debug|Any CPU = Debug|Any CPU
		Release|Any CPU = Release|Any CPU
	EndGlobalSection
	GlobalSection(ProjectConfigurationPlatforms) = postSolution
		{1CAAC30F-5E3E-4BAE-8FA3-0AFAFBB7F67B}.Debug|Any CPU.ActiveCfg = Debug|Any CPU
		{1CAAC30F-5E3E-4BAE-8FA3-0AFAFBB7F67B}.Debug|Any CPU.Build.0 = Debug|Any CPU
		{1CAAC30F-5E3E-4BAE-8FA3-0AFAFBB7F67B}.Release|Any CPU.ActiveCfg = Release|Any CPU
		{1CAAC30F-5E3E-4BAE-8FA3-0AFAFBB7F67B}.Release|Any CPU.Build.0 = Release|Any CPU
	EndGlobalSection
	GlobalSection(SolutionProperties) = preSolution
		HideSolutionNode = FALSE
	EndGlobalSection
	GlobalSection(ExtensibilityGlobals) = postSolution
		SolutionGuid = {CE8F6323-9675-430F-A9B7-0B321CF93789}
	EndGlobalSection
EndGlobal
