
Microsoft Visual Studio Solution File, Format Version 12.00
# Visual Studio 15
VisualStudioVersion = 15.0.28307.271
MinimumVisualStudioVersion = 10.0.40219.1
Project("{FAE04EC0-301F-11D3-BF4B-00C04F79EFBC}") = "AccountingSystem", "AccountingSystem\AccountingSystem.csproj", "{5FABB10A-1CDE-4C2F-B228-7A91CAD92605}"
EndProject
Global
	GlobalSection(SolutionConfigurationPlatforms) = preSolution
		Debug|Any CPU = Debug|Any CPU
		Release|Any CPU = Release|Any CPU
	EndGlobalSection
	GlobalSection(ProjectConfigurationPlatforms) = postSolution
		{5FABB10A-1CDE-4C2F-B228-7A91CAD92605}.Debug|Any CPU.ActiveCfg = Debug|Any CPU
		{5FABB10A-1CDE-4C2F-B228-7A91CAD92605}.Debug|Any CPU.Build.0 = Debug|Any CPU
		{5FABB10A-1CDE-4C2F-B228-7A91CAD92605}.Release|Any CPU.ActiveCfg = Release|Any CPU
		{5FABB10A-1CDE-4C2F-B228-7A91CAD92605}.Release|Any CPU.Build.0 = Release|Any CPU
	EndGlobalSection
	GlobalSection(SolutionProperties) = preSolution
		HideSolutionNode = FALSE
	EndGlobalSection
	GlobalSection(ExtensibilityGlobals) = postSolution
		SolutionGuid = {94794D19-9FDE-43CD-9582-C65C9EC68E9B}
	EndGlobalSection
EndGlobal
