
Microsoft Visual Studio Solution File, Format Version 12.00
# Visual Studio 15
VisualStudioVersion = 15.0.28307.271
MinimumVisualStudioVersion = 10.0.40219.1
Project("{FAE04EC0-301F-11D3-BF4B-00C04F79EFBC}") = "MoreClasses", "MoreClasses\MoreClasses.csproj", "{3E33E6F2-836E-4853-B86A-396F7A4AAE08}"
EndProject
Global
	GlobalSection(SolutionConfigurationPlatforms) = preSolution
		Debug|Any CPU = Debug|Any CPU
		Release|Any CPU = Release|Any CPU
	EndGlobalSection
	GlobalSection(ProjectConfigurationPlatforms) = postSolution
		{3E33E6F2-836E-4853-B86A-396F7A4AAE08}.Debug|Any CPU.ActiveCfg = Debug|Any CPU
		{3E33E6F2-836E-4853-B86A-396F7A4AAE08}.Debug|Any CPU.Build.0 = Debug|Any CPU
		{3E33E6F2-836E-4853-B86A-396F7A4AAE08}.Release|Any CPU.ActiveCfg = Release|Any CPU
		{3E33E6F2-836E-4853-B86A-396F7A4AAE08}.Release|Any CPU.Build.0 = Release|Any CPU
	EndGlobalSection
	GlobalSection(SolutionProperties) = preSolution
		HideSolutionNode = FALSE
	EndGlobalSection
	GlobalSection(ExtensibilityGlobals) = postSolution
		SolutionGuid = {30864B8C-02BB-4F5F-A589-7AAC8B43DB2C}
	EndGlobalSection
EndGlobal
